
Microsoft Visual Studio Solution File, Format Version 12.00
# Visual Studio Version 17
VisualStudioVersion = 17.5.33530.505
MinimumVisualStudioVersion = 10.0.40219.1
Project("{FAE04EC0-301F-11D3-BF4B-00C04F79EFBC}") = "MaterialsManagementSystem", "MaterialsManagementSystem\MaterialsManagementSystem.csproj", "{049EB9A2-3274-4BB0-B2B1-5092D0532067}"
EndProject
Global
	GlobalSection(SolutionConfigurationPlatforms) = preSolution
		Debug|Any CPU = Debug|Any CPU
		Release|Any CPU = Release|Any CPU
	EndGlobalSection
	GlobalSection(ProjectConfigurationPlatforms) = postSolution
		{049EB9A2-3274-4BB0-B2B1-5092D0532067}.Debug|Any CPU.ActiveCfg = Debug|Any CPU
		{049EB9A2-3274-4BB0-B2B1-5092D0532067}.Debug|Any CPU.Build.0 = Debug|Any CPU
		{049EB9A2-3274-4BB0-B2B1-5092D0532067}.Release|Any CPU.ActiveCfg = Release|Any CPU
		{049EB9A2-3274-4BB0-B2B1-5092D0532067}.Release|Any CPU.Build.0 = Release|Any CPU
	EndGlobalSection
	GlobalSection(SolutionProperties) = preSolution
		HideSolutionNode = FALSE
	EndGlobalSection
	GlobalSection(ExtensibilityGlobals) = postSolution
		SolutionGuid = {1BA9E619-4CA8-4E4B-9667-FCCFF22FBA3E}
	EndGlobalSection
EndGlobal
